
Microsoft Visual Studio Solution File, Format Version 12.00
# Visual Studio Version 16
VisualStudioVersion = 16.0.29411.108
MinimumVisualStudioVersion = 10.0.40219.1
Project("{FAE04EC0-301F-11D3-BF4B-00C04F79EFBC}") = "MyFirstConsoleApp1", "MyFirstConsoleApp1\MyFirstConsoleApp1.csproj", "{6C3A6D95-52A2-434D-8498-ED3558C08774}"
EndProject
Global
	GlobalSection(SolutionConfigurationPlatforms) = preSolution
		Debug|Any CPU = Debug|Any CPU
		Release|Any CPU = Release|Any CPU
	EndGlobalSection
	GlobalSection(ProjectConfigurationPlatforms) = postSolution
		{6C3A6D95-52A2-434D-8498-ED3558C08774}.Debug|Any CPU.ActiveCfg = Debug|Any CPU
		{6C3A6D95-52A2-434D-8498-ED3558C08774}.Debug|Any CPU.Build.0 = Debug|Any CPU
		{6C3A6D95-52A2-434D-8498-ED3558C08774}.Release|Any CPU.ActiveCfg = Release|Any CPU
		{6C3A6D95-52A2-434D-8498-ED3558C08774}.Release|Any CPU.Build.0 = Release|Any CPU
	EndGlobalSection
	GlobalSection(SolutionProperties) = preSolution
		HideSolutionNode = FALSE
	EndGlobalSection
	GlobalSection(ExtensibilityGlobals) = postSolution
		SolutionGuid = {24545727-CD04-45FC-9E42-F0B2C1D15F37}
	EndGlobalSection
EndGlobal
